
Microsoft Visual Studio Solution File, Format Version 12.00
# Visual Studio Version 17
VisualStudioVersion = 17.0.31903.59
MinimumVisualStudioVersion = 10.0.40219.1
Project("{2150E333-8FDC-42A3-9474-1A3956D46DE8}") = "src", "src", "{68A7D98E-0DD8-4B77-8BC8-8B496B124A09}"
EndProject
Project("{2150E333-8FDC-42A3-9474-1A3956D46DE8}") = "tests", "tests", "{04D834C0-F01D-48F9-9726-2C85AF42F9A4}"
EndProject
Project("{2150E333-8FDC-42A3-9474-1A3956D46DE8}") = "devops", "devops", "{B5C759CF-ED22-4034-BEE1-EB6F84031DD0}"
EndProject
Project("{9A19103F-16F7-4668-BE54-9A1E7A4F7556}") = "DaaS.UI.Blazor", "src\DaaS.UI.Blazor\DaaS.UI.Blazor.csproj", "{8B1A2887-E331-4798-AE92-6D0E3EC19C6B}"
EndProject
Project("{9A19103F-16F7-4668-BE54-9A1E7A4F7556}") = "Sentinel.NetworkUtils", "src\Sentinel.NetworkUtils\Sentinel.NetworkUtils.csproj", "{72919A2D-D51D-4A19-9059-19009836A8AA}"
EndProject
Project("{9A19103F-16F7-4668-BE54-9A1E7A4F7556}") = "Sentinel.NetworkUtils.Tests", "tests\Sentinel.NetworkUtils.Tests\Sentinel.NetworkUtils.Tests.csproj", "{4C1AC6AC-4F6E-4332-8393-DFB1E9D9E82D}"
EndProject
Project("{2150E333-8FDC-42A3-9474-1A3956D46DE8}") = "Solution Items", "Solution Items", "{382A47D7-C45F-4D81-8D57-2F15F1F40680}"
	ProjectSection(SolutionItems) = preProject
		.github\workflows\dotnet-test.yml = .github\workflows\dotnet-test.yml
		Todo.txt = Todo.txt
	EndProjectSection
EndProject
Project("{9A19103F-16F7-4668-BE54-9A1E7A4F7556}") = "Sentinel.Tests.Helper", "Sentinel.Tests.Helper\Sentinel.Tests.Helper.csproj", "{BA814683-1E5A-44F6-A7B0-E4111CF53E13}"
EndProject
Project("{9A19103F-16F7-4668-BE54-9A1E7A4F7556}") = "Sentinel.Core.K8s", "src\Sentinel.Core.K8s\Sentinel.Core.K8s.csproj", "{6B538ADD-CDEC-458E-A243-0C2EE683F5C3}"
EndProject
Project("{9A19103F-16F7-4668-BE54-9A1E7A4F7556}") = "Sentinel.Core.BackgroundServices", "src\Sentinel.Core.BackgroundServices\Sentinel.Core.BackgroundServices.csproj", "{62329E4A-CB00-44DE-BE06-35EF7B33A2F5}"
EndProject
Project("{9A19103F-16F7-4668-BE54-9A1E7A4F7556}") = "DaaS.K8s.Worker.Controller", "src\DaaS.K8s.Worker.Controller\DaaS.K8s.Worker.Controller.csproj", "{FFF34B9C-6039-4E8C-9F50-100FE8A0E89E}"
EndProject
Project("{E53339B2-1760-4266-BCC7-CA923CBCF16C}") = "docker-compose", "docker-compose.dcproj", "{AF62BD37-5476-4D51-91D7-DA3A1E3EC5BB}"
EndProject
Project("{9A19103F-16F7-4668-BE54-9A1E7A4F7556}") = "Sentinel.Core.TokenGenerator", "src\Sentinel.Core.TokenGenerator\Sentinel.Core.TokenGenerator.csproj", "{52B13E9A-291B-4427-885B-A947FBEE3747}"
EndProject
Project("{9A19103F-16F7-4668-BE54-9A1E7A4F7556}") = "Sentinel.Core.HealthProbe", "src\Sentinel.Core.HealthProbe\Sentinel.Core.HealthProbe.csproj", "{45482EF2-3AED-458F-B1FE-2AAD0400E727}"
EndProject
Project("{FAE04EC0-301F-11D3-BF4B-00C04F79EFBC}") = "Sentinel.ConnectionChecks", "src\Sentinel.ConnectionChecks\Sentinel.ConnectionChecks.csproj", "{83DDDF38-374A-4211-ADAC-03A73A4BC67A}"
EndProject
Project("{FAE04EC0-301F-11D3-BF4B-00C04F79EFBC}") = "Sentinel.ConnectionChecks.Tests", "tests\Sentinel.ConnectionChecks.Tests\Sentinel.ConnectionChecks.Tests.csproj", "{763D2604-CEF5-49BE-BFD7-E13BDA0F3F5B}"
EndProject
Global
	GlobalSection(SolutionConfigurationPlatforms) = preSolution
		Debug|Any CPU = Debug|Any CPU
		Release|Any CPU = Release|Any CPU
	EndGlobalSection
	GlobalSection(ProjectConfigurationPlatforms) = postSolution
		{8B1A2887-E331-4798-AE92-6D0E3EC19C6B}.Debug|Any CPU.ActiveCfg = Debug|Any CPU
		{8B1A2887-E331-4798-AE92-6D0E3EC19C6B}.Debug|Any CPU.Build.0 = Debug|Any CPU
		{8B1A2887-E331-4798-AE92-6D0E3EC19C6B}.Release|Any CPU.ActiveCfg = Release|Any CPU
		{8B1A2887-E331-4798-AE92-6D0E3EC19C6B}.Release|Any CPU.Build.0 = Release|Any CPU
		{72919A2D-D51D-4A19-9059-19009836A8AA}.Debug|Any CPU.ActiveCfg = Debug|Any CPU
		{72919A2D-D51D-4A19-9059-19009836A8AA}.Debug|Any CPU.Build.0 = Debug|Any CPU
		{72919A2D-D51D-4A19-9059-19009836A8AA}.Release|Any CPU.ActiveCfg = Release|Any CPU
		{72919A2D-D51D-4A19-9059-19009836A8AA}.Release|Any CPU.Build.0 = Release|Any CPU
		{4C1AC6AC-4F6E-4332-8393-DFB1E9D9E82D}.Debug|Any CPU.ActiveCfg = Debug|Any CPU
		{4C1AC6AC-4F6E-4332-8393-DFB1E9D9E82D}.Debug|Any CPU.Build.0 = Debug|Any CPU
		{4C1AC6AC-4F6E-4332-8393-DFB1E9D9E82D}.Release|Any CPU.ActiveCfg = Release|Any CPU
		{4C1AC6AC-4F6E-4332-8393-DFB1E9D9E82D}.Release|Any CPU.Build.0 = Release|Any CPU
		{BA814683-1E5A-44F6-A7B0-E4111CF53E13}.Debug|Any CPU.ActiveCfg = Debug|Any CPU
		{BA814683-1E5A-44F6-A7B0-E4111CF53E13}.Debug|Any CPU.Build.0 = Debug|Any CPU
		{BA814683-1E5A-44F6-A7B0-E4111CF53E13}.Release|Any CPU.ActiveCfg = Release|Any CPU
		{BA814683-1E5A-44F6-A7B0-E4111CF53E13}.Release|Any CPU.Build.0 = Release|Any CPU
		{6B538ADD-CDEC-458E-A243-0C2EE683F5C3}.Debug|Any CPU.ActiveCfg = Debug|Any CPU
		{6B538ADD-CDEC-458E-A243-0C2EE683F5C3}.Debug|Any CPU.Build.0 = Debug|Any CPU
		{6B538ADD-CDEC-458E-A243-0C2EE683F5C3}.Release|Any CPU.ActiveCfg = Release|Any CPU
		{6B538ADD-CDEC-458E-A243-0C2EE683F5C3}.Release|Any CPU.Build.0 = Release|Any CPU
		{62329E4A-CB00-44DE-BE06-35EF7B33A2F5}.Debug|Any CPU.ActiveCfg = Debug|Any CPU
		{62329E4A-CB00-44DE-BE06-35EF7B33A2F5}.Debug|Any CPU.Build.0 = Debug|Any CPU
		{62329E4A-CB00-44DE-BE06-35EF7B33A2F5}.Release|Any CPU.ActiveCfg = Release|Any CPU
		{62329E4A-CB00-44DE-BE06-35EF7B33A2F5}.Release|Any CPU.Build.0 = Release|Any CPU
		{FFF34B9C-6039-4E8C-9F50-100FE8A0E89E}.Debug|Any CPU.ActiveCfg = Debug|Any CPU
		{FFF34B9C-6039-4E8C-9F50-100FE8A0E89E}.Debug|Any CPU.Build.0 = Debug|Any CPU
		{FFF34B9C-6039-4E8C-9F50-100FE8A0E89E}.Release|Any CPU.ActiveCfg = Release|Any CPU
		{FFF34B9C-6039-4E8C-9F50-100FE8A0E89E}.Release|Any CPU.Build.0 = Release|Any CPU
		{AF62BD37-5476-4D51-91D7-DA3A1E3EC5BB}.Debug|Any CPU.ActiveCfg = Debug|Any CPU
		{AF62BD37-5476-4D51-91D7-DA3A1E3EC5BB}.Debug|Any CPU.Build.0 = Debug|Any CPU
		{AF62BD37-5476-4D51-91D7-DA3A1E3EC5BB}.Release|Any CPU.ActiveCfg = Release|Any CPU
		{AF62BD37-5476-4D51-91D7-DA3A1E3EC5BB}.Release|Any CPU.Build.0 = Release|Any CPU
		{52B13E9A-291B-4427-885B-A947FBEE3747}.Debug|Any CPU.ActiveCfg = Debug|Any CPU
		{52B13E9A-291B-4427-885B-A947FBEE3747}.Debug|Any CPU.Build.0 = Debug|Any CPU
		{52B13E9A-291B-4427-885B-A947FBEE3747}.Release|Any CPU.ActiveCfg = Release|Any CPU
		{52B13E9A-291B-4427-885B-A947FBEE3747}.Release|Any CPU.Build.0 = Release|Any CPU
		{45482EF2-3AED-458F-B1FE-2AAD0400E727}.Debug|Any CPU.ActiveCfg = Debug|Any CPU
		{45482EF2-3AED-458F-B1FE-2AAD0400E727}.Debug|Any CPU.Build.0 = Debug|Any CPU
		{45482EF2-3AED-458F-B1FE-2AAD0400E727}.Release|Any CPU.ActiveCfg = Release|Any CPU
		{45482EF2-3AED-458F-B1FE-2AAD0400E727}.Release|Any CPU.Build.0 = Release|Any CPU
		{83DDDF38-374A-4211-ADAC-03A73A4BC67A}.Debug|Any CPU.ActiveCfg = Debug|Any CPU
		{83DDDF38-374A-4211-ADAC-03A73A4BC67A}.Debug|Any CPU.Build.0 = Debug|Any CPU
		{83DDDF38-374A-4211-ADAC-03A73A4BC67A}.Release|Any CPU.ActiveCfg = Release|Any CPU
		{83DDDF38-374A-4211-ADAC-03A73A4BC67A}.Release|Any CPU.Build.0 = Release|Any CPU
		{763D2604-CEF5-49BE-BFD7-E13BDA0F3F5B}.Debug|Any CPU.ActiveCfg = Debug|Any CPU
		{763D2604-CEF5-49BE-BFD7-E13BDA0F3F5B}.Debug|Any CPU.Build.0 = Debug|Any CPU
		{763D2604-CEF5-49BE-BFD7-E13BDA0F3F5B}.Release|Any CPU.ActiveCfg = Release|Any CPU
		{763D2604-CEF5-49BE-BFD7-E13BDA0F3F5B}.Release|Any CPU.Build.0 = Release|Any CPU
	EndGlobalSection
	GlobalSection(SolutionProperties) = preSolution
		HideSolutionNode = FALSE
	EndGlobalSection
	GlobalSection(NestedProjects) = preSolution
		{8B1A2887-E331-4798-AE92-6D0E3EC19C6B} = {68A7D98E-0DD8-4B77-8BC8-8B496B124A09}
		{72919A2D-D51D-4A19-9059-19009836A8AA} = {68A7D98E-0DD8-4B77-8BC8-8B496B124A09}
		{4C1AC6AC-4F6E-4332-8393-DFB1E9D9E82D} = {04D834C0-F01D-48F9-9726-2C85AF42F9A4}
		{BA814683-1E5A-44F6-A7B0-E4111CF53E13} = {04D834C0-F01D-48F9-9726-2C85AF42F9A4}
		{6B538ADD-CDEC-458E-A243-0C2EE683F5C3} = {68A7D98E-0DD8-4B77-8BC8-8B496B124A09}
		{62329E4A-CB00-44DE-BE06-35EF7B33A2F5} = {68A7D98E-0DD8-4B77-8BC8-8B496B124A09}
		{FFF34B9C-6039-4E8C-9F50-100FE8A0E89E} = {68A7D98E-0DD8-4B77-8BC8-8B496B124A09}
		{52B13E9A-291B-4427-885B-A947FBEE3747} = {68A7D98E-0DD8-4B77-8BC8-8B496B124A09}
		{45482EF2-3AED-458F-B1FE-2AAD0400E727} = {68A7D98E-0DD8-4B77-8BC8-8B496B124A09}
		{83DDDF38-374A-4211-ADAC-03A73A4BC67A} = {68A7D98E-0DD8-4B77-8BC8-8B496B124A09}
		{763D2604-CEF5-49BE-BFD7-E13BDA0F3F5B} = {04D834C0-F01D-48F9-9726-2C85AF42F9A4}
	EndGlobalSection
	GlobalSection(ExtensibilityGlobals) = postSolution
		SolutionGuid = {12F5EFF8-B981-4B1F-BADE-D820FD4FEB56}
	EndGlobalSection
EndGlobal
